
Microsoft Visual Studio Solution File, Format Version 12.00
# Visual Studio Version 16
VisualStudioVersion = 16.0.29102.190
MinimumVisualStudioVersion = 10.0.40219.1
Project("{FAE04EC0-301F-11D3-BF4B-00C04F79EFBC}") = "SumLinq", "SumLinq\SumLinq.csproj", "{4C0BAB5A-4B7A-4C9B-91A8-0DC870826B1E}"
EndProject
Project("{FAE04EC0-301F-11D3-BF4B-00C04F79EFBC}") = "AvarageLinq", "AvarageLinq\AvarageLinq.csproj", "{ED3ADCC3-DE8F-4FFF-B03F-7733C10C59D6}"
EndProject
Project("{FAE04EC0-301F-11D3-BF4B-00C04F79EFBC}") = "AggregateLinq", "AggregateLinq\AggregateLinq.csproj", "{136E2A09-4A2C-4066-AE71-303587B4FA2A}"
EndProject
Global
	GlobalSection(SolutionConfigurationPlatforms) = preSolution
		Debug|Any CPU = Debug|Any CPU
		Release|Any CPU = Release|Any CPU
	EndGlobalSection
	GlobalSection(ProjectConfigurationPlatforms) = postSolution
		{4C0BAB5A-4B7A-4C9B-91A8-0DC870826B1E}.Debug|Any CPU.ActiveCfg = Debug|Any CPU
		{4C0BAB5A-4B7A-4C9B-91A8-0DC870826B1E}.Debug|Any CPU.Build.0 = Debug|Any CPU
		{4C0BAB5A-4B7A-4C9B-91A8-0DC870826B1E}.Release|Any CPU.ActiveCfg = Release|Any CPU
		{4C0BAB5A-4B7A-4C9B-91A8-0DC870826B1E}.Release|Any CPU.Build.0 = Release|Any CPU
		{ED3ADCC3-DE8F-4FFF-B03F-7733C10C59D6}.Debug|Any CPU.ActiveCfg = Debug|Any CPU
		{ED3ADCC3-DE8F-4FFF-B03F-7733C10C59D6}.Debug|Any CPU.Build.0 = Debug|Any CPU
		{ED3ADCC3-DE8F-4FFF-B03F-7733C10C59D6}.Release|Any CPU.ActiveCfg = Release|Any CPU
		{ED3ADCC3-DE8F-4FFF-B03F-7733C10C59D6}.Release|Any CPU.Build.0 = Release|Any CPU
		{136E2A09-4A2C-4066-AE71-303587B4FA2A}.Debug|Any CPU.ActiveCfg = Debug|Any CPU
		{136E2A09-4A2C-4066-AE71-303587B4FA2A}.Debug|Any CPU.Build.0 = Debug|Any CPU
		{136E2A09-4A2C-4066-AE71-303587B4FA2A}.Release|Any CPU.ActiveCfg = Release|Any CPU
		{136E2A09-4A2C-4066-AE71-303587B4FA2A}.Release|Any CPU.Build.0 = Release|Any CPU
	EndGlobalSection
	GlobalSection(SolutionProperties) = preSolution
		HideSolutionNode = FALSE
	EndGlobalSection
	GlobalSection(ExtensibilityGlobals) = postSolution
		SolutionGuid = {82067C4E-6297-442C-914F-B0607E7B32F6}
	EndGlobalSection
EndGlobal
