
Microsoft Visual Studio Solution File, Format Version 12.00
# Visual Studio Version 16
VisualStudioVersion = 16.0.29102.190
MinimumVisualStudioVersion = 10.0.40219.1
Project("{FAE04EC0-301F-11D3-BF4B-00C04F79EFBC}") = "ArrayClass", "ArrayClass\ArrayClass.csproj", "{7FAA1468-BA95-48DF-B378-D6C60FC3CBED}"
EndProject
Global
	GlobalSection(SolutionConfigurationPlatforms) = preSolution
		Debug|Any CPU = Debug|Any CPU
		Release|Any CPU = Release|Any CPU
	EndGlobalSection
	GlobalSection(ProjectConfigurationPlatforms) = postSolution
		{7FAA1468-BA95-48DF-B378-D6C60FC3CBED}.Debug|Any CPU.ActiveCfg = Debug|Any CPU
		{7FAA1468-BA95-48DF-B378-D6C60FC3CBED}.Debug|Any CPU.Build.0 = Debug|Any CPU
		{7FAA1468-BA95-48DF-B378-D6C60FC3CBED}.Release|Any CPU.ActiveCfg = Release|Any CPU
		{7FAA1468-BA95-48DF-B378-D6C60FC3CBED}.Release|Any CPU.Build.0 = Release|Any CPU
	EndGlobalSection
	GlobalSection(SolutionProperties) = preSolution
		HideSolutionNode = FALSE
	EndGlobalSection
	GlobalSection(ExtensibilityGlobals) = postSolution
		SolutionGuid = {1592F9DF-607C-4274-B09D-C904A05C90CC}
	EndGlobalSection
EndGlobal
