
Microsoft Visual Studio Solution File, Format Version 12.00
# Visual Studio Version 16
VisualStudioVersion = 16.0.29102.190
MinimumVisualStudioVersion = 10.0.40219.1
Project("{FAE04EC0-301F-11D3-BF4B-00C04F79EFBC}") = "LibraryLocation", "LibraryLocation\LibraryLocation.csproj", "{329D839B-541F-4496-8AB4-03A98BA7C77D}"
EndProject
Project("{FAE04EC0-301F-11D3-BF4B-00C04F79EFBC}") = "LibraryInterface", "LibraryInterface\LibraryInterface.csproj", "{FE54E68B-D44E-43D8-9FC3-66A4BC23C291}"
EndProject
Global
	GlobalSection(SolutionConfigurationPlatforms) = preSolution
		Debug|Any CPU = Debug|Any CPU
		Release|Any CPU = Release|Any CPU
	EndGlobalSection
	GlobalSection(ProjectConfigurationPlatforms) = postSolution
		{329D839B-541F-4496-8AB4-03A98BA7C77D}.Debug|Any CPU.ActiveCfg = Debug|Any CPU
		{329D839B-541F-4496-8AB4-03A98BA7C77D}.Debug|Any CPU.Build.0 = Debug|Any CPU
		{329D839B-541F-4496-8AB4-03A98BA7C77D}.Release|Any CPU.ActiveCfg = Release|Any CPU
		{329D839B-541F-4496-8AB4-03A98BA7C77D}.Release|Any CPU.Build.0 = Release|Any CPU
		{FE54E68B-D44E-43D8-9FC3-66A4BC23C291}.Debug|Any CPU.ActiveCfg = Debug|Any CPU
		{FE54E68B-D44E-43D8-9FC3-66A4BC23C291}.Debug|Any CPU.Build.0 = Debug|Any CPU
		{FE54E68B-D44E-43D8-9FC3-66A4BC23C291}.Release|Any CPU.ActiveCfg = Release|Any CPU
		{FE54E68B-D44E-43D8-9FC3-66A4BC23C291}.Release|Any CPU.Build.0 = Release|Any CPU
	EndGlobalSection
	GlobalSection(SolutionProperties) = preSolution
		HideSolutionNode = FALSE
	EndGlobalSection
	GlobalSection(ExtensibilityGlobals) = postSolution
		SolutionGuid = {323993A1-0A98-4C97-A0A2-71AD4021385A}
	EndGlobalSection
EndGlobal
