
Microsoft Visual Studio Solution File, Format Version 12.00
# Visual Studio Version 16
VisualStudioVersion = 16.0.29102.190
MinimumVisualStudioVersion = 10.0.40219.1
Project("{FAE04EC0-301F-11D3-BF4B-00C04F79EFBC}") = "ForeachOnList", "ForeachOnList\ForeachOnList.csproj", "{5DDAA5A5-4479-4F74-A4C0-8FE7283EC4AF}"
EndProject
Project("{FAE04EC0-301F-11D3-BF4B-00C04F79EFBC}") = "PublicMethods", "PublicMethods\PublicMethods.csproj", "{9CF921BB-96E3-44EF-B1FA-26992FA0A6CE}"
EndProject
Project("{FAE04EC0-301F-11D3-BF4B-00C04F79EFBC}") = "MonetaryConversor", "MonetaryConversor\MonetaryConversor.csproj", "{B796F36F-8757-4482-9C71-66F23544352A}"
EndProject
Global
	GlobalSection(SolutionConfigurationPlatforms) = preSolution
		Debug|Any CPU = Debug|Any CPU
		Release|Any CPU = Release|Any CPU
	EndGlobalSection
	GlobalSection(ProjectConfigurationPlatforms) = postSolution
		{5DDAA5A5-4479-4F74-A4C0-8FE7283EC4AF}.Debug|Any CPU.ActiveCfg = Debug|Any CPU
		{5DDAA5A5-4479-4F74-A4C0-8FE7283EC4AF}.Debug|Any CPU.Build.0 = Debug|Any CPU
		{5DDAA5A5-4479-4F74-A4C0-8FE7283EC4AF}.Release|Any CPU.ActiveCfg = Release|Any CPU
		{5DDAA5A5-4479-4F74-A4C0-8FE7283EC4AF}.Release|Any CPU.Build.0 = Release|Any CPU
		{9CF921BB-96E3-44EF-B1FA-26992FA0A6CE}.Debug|Any CPU.ActiveCfg = Debug|Any CPU
		{9CF921BB-96E3-44EF-B1FA-26992FA0A6CE}.Debug|Any CPU.Build.0 = Debug|Any CPU
		{9CF921BB-96E3-44EF-B1FA-26992FA0A6CE}.Release|Any CPU.ActiveCfg = Release|Any CPU
		{9CF921BB-96E3-44EF-B1FA-26992FA0A6CE}.Release|Any CPU.Build.0 = Release|Any CPU
		{B796F36F-8757-4482-9C71-66F23544352A}.Debug|Any CPU.ActiveCfg = Debug|Any CPU
		{B796F36F-8757-4482-9C71-66F23544352A}.Debug|Any CPU.Build.0 = Debug|Any CPU
		{B796F36F-8757-4482-9C71-66F23544352A}.Release|Any CPU.ActiveCfg = Release|Any CPU
		{B796F36F-8757-4482-9C71-66F23544352A}.Release|Any CPU.Build.0 = Release|Any CPU
	EndGlobalSection
	GlobalSection(SolutionProperties) = preSolution
		HideSolutionNode = FALSE
	EndGlobalSection
	GlobalSection(ExtensibilityGlobals) = postSolution
		SolutionGuid = {4FE4B48F-E92D-4AFE-9B24-21CB2501D11A}
	EndGlobalSection
EndGlobal
