
Microsoft Visual Studio Solution File, Format Version 12.00
# Visual Studio Version 16
VisualStudioVersion = 16.0.29102.190
MinimumVisualStudioVersion = 10.0.40219.1
Project("{FAE04EC0-301F-11D3-BF4B-00C04F79EFBC}") = "ReportingSystem-View", "SistemaDeRelatorios\ReportingSystem-View.csproj", "{0FC62F34-A3A3-46A2-8FDB-9B98BE294DEF}"
EndProject
Project("{FAE04EC0-301F-11D3-BF4B-00C04F79EFBC}") = "CarSaleReports", "RelatoriosVendasCArros\CarSaleReports.csproj", "{7E9767DD-CDE1-4FF3-BC82-C20E1DEDE1CB}"
EndProject
Global
	GlobalSection(SolutionConfigurationPlatforms) = preSolution
		Debug|Any CPU = Debug|Any CPU
		Release|Any CPU = Release|Any CPU
	EndGlobalSection
	GlobalSection(ProjectConfigurationPlatforms) = postSolution
		{0FC62F34-A3A3-46A2-8FDB-9B98BE294DEF}.Debug|Any CPU.ActiveCfg = Debug|Any CPU
		{0FC62F34-A3A3-46A2-8FDB-9B98BE294DEF}.Debug|Any CPU.Build.0 = Debug|Any CPU
		{0FC62F34-A3A3-46A2-8FDB-9B98BE294DEF}.Release|Any CPU.ActiveCfg = Release|Any CPU
		{0FC62F34-A3A3-46A2-8FDB-9B98BE294DEF}.Release|Any CPU.Build.0 = Release|Any CPU
		{7E9767DD-CDE1-4FF3-BC82-C20E1DEDE1CB}.Debug|Any CPU.ActiveCfg = Debug|Any CPU
		{7E9767DD-CDE1-4FF3-BC82-C20E1DEDE1CB}.Debug|Any CPU.Build.0 = Debug|Any CPU
		{7E9767DD-CDE1-4FF3-BC82-C20E1DEDE1CB}.Release|Any CPU.ActiveCfg = Release|Any CPU
		{7E9767DD-CDE1-4FF3-BC82-C20E1DEDE1CB}.Release|Any CPU.Build.0 = Release|Any CPU
	EndGlobalSection
	GlobalSection(SolutionProperties) = preSolution
		HideSolutionNode = FALSE
	EndGlobalSection
	GlobalSection(ExtensibilityGlobals) = postSolution
		SolutionGuid = {881A85E7-5CF3-439B-8D4F-721D608F0BE1}
	EndGlobalSection
EndGlobal
