
Microsoft Visual Studio Solution File, Format Version 12.00
# Visual Studio Version 16
VisualStudioVersion = 16.0.29102.190
MinimumVisualStudioVersion = 10.0.40219.1
Project("{FAE04EC0-301F-11D3-BF4B-00C04F79EFBC}") = "Ex01_Welcome", "Ex01_BoasVindas\Ex01_Welcome.csproj", "{1BF0F3D3-9EA6-4358-ABC1-84B24B960E37}"
EndProject
Project("{FAE04EC0-301F-11D3-BF4B-00C04F79EFBC}") = "Ex02_Name", "Ex02_Name\Ex02_Name.csproj", "{7D77E070-73D2-497B-8A4B-4535CCFAF4D1}"
EndProject
Global
	GlobalSection(SolutionConfigurationPlatforms) = preSolution
		Debug|Any CPU = Debug|Any CPU
		Release|Any CPU = Release|Any CPU
	EndGlobalSection
	GlobalSection(ProjectConfigurationPlatforms) = postSolution
		{1BF0F3D3-9EA6-4358-ABC1-84B24B960E37}.Debug|Any CPU.ActiveCfg = Debug|Any CPU
		{1BF0F3D3-9EA6-4358-ABC1-84B24B960E37}.Debug|Any CPU.Build.0 = Debug|Any CPU
		{1BF0F3D3-9EA6-4358-ABC1-84B24B960E37}.Release|Any CPU.ActiveCfg = Release|Any CPU
		{1BF0F3D3-9EA6-4358-ABC1-84B24B960E37}.Release|Any CPU.Build.0 = Release|Any CPU
		{7D77E070-73D2-497B-8A4B-4535CCFAF4D1}.Debug|Any CPU.ActiveCfg = Debug|Any CPU
		{7D77E070-73D2-497B-8A4B-4535CCFAF4D1}.Debug|Any CPU.Build.0 = Debug|Any CPU
		{7D77E070-73D2-497B-8A4B-4535CCFAF4D1}.Release|Any CPU.ActiveCfg = Release|Any CPU
		{7D77E070-73D2-497B-8A4B-4535CCFAF4D1}.Release|Any CPU.Build.0 = Release|Any CPU
	EndGlobalSection
	GlobalSection(SolutionProperties) = preSolution
		HideSolutionNode = FALSE
	EndGlobalSection
	GlobalSection(ExtensibilityGlobals) = postSolution
		SolutionGuid = {94F73809-F55F-40A5-8DF5-32F731C11F8E}
	EndGlobalSection
EndGlobal
