
Microsoft Visual Studio Solution File, Format Version 12.00
# Visual Studio Version 16
VisualStudioVersion = 16.0.29230.47
MinimumVisualStudioVersion = 10.0.40219.1
Project("{FAE04EC0-301F-11D3-BF4B-00C04F79EFBC}") = "ReviewingEntity", "ReviewingEntity\ReviewingEntity.csproj", "{F624AF24-925E-4ECC-A38E-11148FCF57E9}"
EndProject
Project("{FAE04EC0-301F-11D3-BF4B-00C04F79EFBC}") = "VisualApplication", "VisualApplication\VisualApplication.csproj", "{7E12A45F-0381-4BB2-936A-853A34B37284}"
EndProject
Global
	GlobalSection(SolutionConfigurationPlatforms) = preSolution
		Debug|Any CPU = Debug|Any CPU
		Release|Any CPU = Release|Any CPU
	EndGlobalSection
	GlobalSection(ProjectConfigurationPlatforms) = postSolution
		{F624AF24-925E-4ECC-A38E-11148FCF57E9}.Debug|Any CPU.ActiveCfg = Debug|Any CPU
		{F624AF24-925E-4ECC-A38E-11148FCF57E9}.Debug|Any CPU.Build.0 = Debug|Any CPU
		{F624AF24-925E-4ECC-A38E-11148FCF57E9}.Release|Any CPU.ActiveCfg = Release|Any CPU
		{F624AF24-925E-4ECC-A38E-11148FCF57E9}.Release|Any CPU.Build.0 = Release|Any CPU
		{7E12A45F-0381-4BB2-936A-853A34B37284}.Debug|Any CPU.ActiveCfg = Debug|Any CPU
		{7E12A45F-0381-4BB2-936A-853A34B37284}.Debug|Any CPU.Build.0 = Debug|Any CPU
		{7E12A45F-0381-4BB2-936A-853A34B37284}.Release|Any CPU.ActiveCfg = Release|Any CPU
		{7E12A45F-0381-4BB2-936A-853A34B37284}.Release|Any CPU.Build.0 = Release|Any CPU
	EndGlobalSection
	GlobalSection(SolutionProperties) = preSolution
		HideSolutionNode = FALSE
	EndGlobalSection
	GlobalSection(ExtensibilityGlobals) = postSolution
		SolutionGuid = {52D4C19F-F637-4A76-947C-8FE18931C9D5}
	EndGlobalSection
EndGlobal
